
Microsoft Visual Studio Solution File, Format Version 12.00
# Visual Studio 2013
VisualStudioVersion = 12.0.31101.0
MinimumVisualStudioVersion = 10.0.40219.1
Project("{FAE04EC0-301F-11D3-BF4B-00C04F79EFBC}") = "ChatInterfaces", "ChatInterfaces\ChatInterfaces.csproj", "{83225D79-D1EA-4AC0-BD5E-BC6D245B4D0C}"
EndProject
Project("{FAE04EC0-301F-11D3-BF4B-00C04F79EFBC}") = "ChatServer", "ChatServer\ChatServer.csproj", "{5FC9A10C-B52B-4ED9-A0A9-6653541994F7}"
EndProject
Project("{FAE04EC0-301F-11D3-BF4B-00C04F79EFBC}") = "ChatClient", "ChatClient\ChatClient.csproj", "{E5648F0C-89E6-4979-A219-AEFC0AE188F7}"
EndProject
Project("{FAE04EC0-301F-11D3-BF4B-00C04F79EFBC}") = "TestClient", "TestClient\TestClient.csproj", "{DC77C968-268D-4EE2-B1D2-47DC6B67FD2F}"
EndProject
Project("{FAE04EC0-301F-11D3-BF4B-00C04F79EFBC}") = "ChatDatabaseRepositories", "ChatDatabaseRepositories\ChatDatabaseRepositories.csproj", "{CE1B7C16-1264-4A7A-AF3F-E134F0CB2F3D}"
EndProject
Project("{FAE04EC0-301F-11D3-BF4B-00C04F79EFBC}") = "ChatDatabaseRepositoriesTest", "ChatDatabaseRepositoriesTest\ChatDatabaseRepositoriesTest.csproj", "{EF8B12C7-28BC-4FE1-B4B3-3DC2CA5B98BA}"
EndProject
Project("{FAE04EC0-301F-11D3-BF4B-00C04F79EFBC}") = "ChatServerTest", "ChatServerTest\ChatServerTest.csproj", "{F41B08AA-2527-444E-89A7-AFBB03A46CDA}"
EndProject
Global
	GlobalSection(SolutionConfigurationPlatforms) = preSolution
		Debug|Any CPU = Debug|Any CPU
		Release|Any CPU = Release|Any CPU
	EndGlobalSection
	GlobalSection(ProjectConfigurationPlatforms) = postSolution
		{83225D79-D1EA-4AC0-BD5E-BC6D245B4D0C}.Debug|Any CPU.ActiveCfg = Debug|Any CPU
		{83225D79-D1EA-4AC0-BD5E-BC6D245B4D0C}.Debug|Any CPU.Build.0 = Debug|Any CPU
		{83225D79-D1EA-4AC0-BD5E-BC6D245B4D0C}.Release|Any CPU.ActiveCfg = Release|Any CPU
		{83225D79-D1EA-4AC0-BD5E-BC6D245B4D0C}.Release|Any CPU.Build.0 = Release|Any CPU
		{5FC9A10C-B52B-4ED9-A0A9-6653541994F7}.Debug|Any CPU.ActiveCfg = Debug|Any CPU
		{5FC9A10C-B52B-4ED9-A0A9-6653541994F7}.Debug|Any CPU.Build.0 = Debug|Any CPU
		{5FC9A10C-B52B-4ED9-A0A9-6653541994F7}.Release|Any CPU.ActiveCfg = Release|Any CPU
		{5FC9A10C-B52B-4ED9-A0A9-6653541994F7}.Release|Any CPU.Build.0 = Release|Any CPU
		{E5648F0C-89E6-4979-A219-AEFC0AE188F7}.Debug|Any CPU.ActiveCfg = Debug|Any CPU
		{E5648F0C-89E6-4979-A219-AEFC0AE188F7}.Debug|Any CPU.Build.0 = Debug|Any CPU
		{E5648F0C-89E6-4979-A219-AEFC0AE188F7}.Release|Any CPU.ActiveCfg = Release|Any CPU
		{E5648F0C-89E6-4979-A219-AEFC0AE188F7}.Release|Any CPU.Build.0 = Release|Any CPU
		{DC77C968-268D-4EE2-B1D2-47DC6B67FD2F}.Debug|Any CPU.ActiveCfg = Debug|Any CPU
		{DC77C968-268D-4EE2-B1D2-47DC6B67FD2F}.Debug|Any CPU.Build.0 = Debug|Any CPU
		{DC77C968-268D-4EE2-B1D2-47DC6B67FD2F}.Release|Any CPU.ActiveCfg = Release|Any CPU
		{DC77C968-268D-4EE2-B1D2-47DC6B67FD2F}.Release|Any CPU.Build.0 = Release|Any CPU
		{CE1B7C16-1264-4A7A-AF3F-E134F0CB2F3D}.Debug|Any CPU.ActiveCfg = Debug|Any CPU
		{CE1B7C16-1264-4A7A-AF3F-E134F0CB2F3D}.Debug|Any CPU.Build.0 = Debug|Any CPU
		{CE1B7C16-1264-4A7A-AF3F-E134F0CB2F3D}.Release|Any CPU.ActiveCfg = Release|Any CPU
		{CE1B7C16-1264-4A7A-AF3F-E134F0CB2F3D}.Release|Any CPU.Build.0 = Release|Any CPU
		{EF8B12C7-28BC-4FE1-B4B3-3DC2CA5B98BA}.Debug|Any CPU.ActiveCfg = Debug|Any CPU
		{EF8B12C7-28BC-4FE1-B4B3-3DC2CA5B98BA}.Debug|Any CPU.Build.0 = Debug|Any CPU
		{EF8B12C7-28BC-4FE1-B4B3-3DC2CA5B98BA}.Release|Any CPU.ActiveCfg = Release|Any CPU
		{EF8B12C7-28BC-4FE1-B4B3-3DC2CA5B98BA}.Release|Any CPU.Build.0 = Release|Any CPU
		{F41B08AA-2527-444E-89A7-AFBB03A46CDA}.Debug|Any CPU.ActiveCfg = Debug|Any CPU
		{F41B08AA-2527-444E-89A7-AFBB03A46CDA}.Debug|Any CPU.Build.0 = Debug|Any CPU
		{F41B08AA-2527-444E-89A7-AFBB03A46CDA}.Release|Any CPU.ActiveCfg = Release|Any CPU
		{F41B08AA-2527-444E-89A7-AFBB03A46CDA}.Release|Any CPU.Build.0 = Release|Any CPU
	EndGlobalSection
	GlobalSection(SolutionProperties) = preSolution
		HideSolutionNode = FALSE
	EndGlobalSection
EndGlobal
